// !$*UTF8*$!
{
	archiveVersion = 1;
	classes = {
	};
	objectVersion = 55;
	objects = {

/* Begin PBXBuildFile section */
		03698C1F27346ACE00249CBF /* DeathStrandingCookbookApp.swift in Sources */ = {isa = PBXBuildFile; fileRef = 03698C1E27346ACE00249CBF /* DeathStrandingCookbookApp.swift */; };
		03698C2127346ACE00249CBF /* ContentView.swift in Sources */ = {isa = PBXBuildFile; fileRef = 03698C2027346ACE00249CBF /* ContentView.swift */; };
		03698C2327346AD300249CBF /* Assets.xcassets in Resources */ = {isa = PBXBuildFile; fileRef = 03698C2227346AD300249CBF /* Assets.xcassets */; };
		03698C2627346AD300249CBF /* Preview Assets.xcassets in Resources */ = {isa = PBXBuildFile; fileRef = 03698C2527346AD300249CBF /* Preview Assets.xcassets */; };
		03698C4127346D8200249CBF /* CharacterDetail.swift in Sources */ = {isa = PBXBuildFile; fileRef = 03698C4027346D8200249CBF /* CharacterDetail.swift */; };
		03698C4327346D9F00249CBF /* CharacterIntroduction.swift in Sources */ = {isa = PBXBuildFile; fileRef = 03698C4227346D9F00249CBF /* CharacterIntroduction.swift */; };
		03698C4527346DC600249CBF /* CharacterRow.swift in Sources */ = {isa = PBXBuildFile; fileRef = 03698C4427346DC600249CBF /* CharacterRow.swift */; };
		03698C4727346DF800249CBF /* RewardIntroduction.swift in Sources */ = {isa = PBXBuildFile; fileRef = 03698C4627346DF800249CBF /* RewardIntroduction.swift */; };
		03698C4927346E1D00249CBF /* RewardLocation.swift in Sources */ = {isa = PBXBuildFile; fileRef = 03698C4827346E1D00249CBF /* RewardLocation.swift */; };
		03B9A42A2735C62F0035A53D /* RoadMap.swift in Sources */ = {isa = PBXBuildFile; fileRef = 03B9A4292735C62F0035A53D /* RoadMap.swift */; };
		03B9A42E2735E36A0035A53D /* MapOverlay.swift in Sources */ = {isa = PBXBuildFile; fileRef = 03B9A42D2735E36A0035A53D /* MapOverlay.swift */; };
		03B9A433273614F60035A53D /* Bgm_character_voice.mp3 in Resources */ = {isa = PBXBuildFile; fileRef = 03B9A432273614F60035A53D /* Bgm_character_voice.mp3 */; };
		03C322882734C13100A0BEBE /* icon_2@2x.png in Resources */ = {isa = PBXBuildFile; fileRef = 03C322822734C13000A0BEBE /* icon_2@2x.png */; };
		03C322892734C13100A0BEBE /* icon_2@3x.png in Resources */ = {isa = PBXBuildFile; fileRef = 03C322832734C13000A0BEBE /* icon_2@3x.png */; };
		03C3228A2734C13100A0BEBE /* icon_4@3x.png in Resources */ = {isa = PBXBuildFile; fileRef = 03C322842734C13000A0BEBE /* icon_4@3x.png */; };
		03C3228B2734C13100A0BEBE /* icon_3@2x.png in Resources */ = {isa = PBXBuildFile; fileRef = 03C322852734C13100A0BEBE /* icon_3@2x.png */; };
		03C3228C2734C13100A0BEBE /* icon_3@3x.png in Resources */ = {isa = PBXBuildFile; fileRef = 03C322862734C13100A0BEBE /* icon_3@3x.png */; };
		03C3228D2734C13100A0BEBE /* icon_4@2x.png in Resources */ = {isa = PBXBuildFile; fileRef = 03C322872734C13100A0BEBE /* icon_4@2x.png */; };
		03C322902734C46300A0BEBE /* IconSwitch.swift in Sources */ = {isa = PBXBuildFile; fileRef = 03C3228F2734C46200A0BEBE /* IconSwitch.swift */; };
/* End PBXBuildFile section */

/* Begin PBXFileReference section */
		03698C1B27346ACE00249CBF /* DeathStrandingCookbook.app */ = {isa = PBXFileReference; explicitFileType = wrapper.application; includeInIndex = 0; path = DeathStrandingCookbook.app; sourceTree = BUILT_PRODUCTS_DIR; };
		03698C1E27346ACE00249CBF /* DeathStrandingCookbookApp.swift */ = {isa = PBXFileReference; lastKnownFileType = sourcecode.swift; path = DeathStrandingCookbookApp.swift; sourceTree = "<group>"; };
		03698C2027346ACE00249CBF /* ContentView.swift */ = {isa = PBXFileReference; lastKnownFileType = sourcecode.swift; path = ContentView.swift; sourceTree = "<group>"; };
		03698C2227346AD300249CBF /* Assets.xcassets */ = {isa = PBXFileReference; lastKnownFileType = folder.assetcatalog; path = Assets.xcassets; sourceTree = "<group>"; };
		03698C2527346AD300249CBF /* Preview Assets.xcassets */ = {isa = PBXFileReference; lastKnownFileType = folder.assetcatalog; path = "Preview Assets.xcassets"; sourceTree = "<group>"; };
		03698C4027346D8200249CBF /* CharacterDetail.swift */ = {isa = PBXFileReference; lastKnownFileType = sourcecode.swift; path = CharacterDetail.swift; sourceTree = "<group>"; };
		03698C4227346D9F00249CBF /* CharacterIntroduction.swift */ = {isa = PBXFileReference; lastKnownFileType = sourcecode.swift; path = CharacterIntroduction.swift; sourceTree = "<group>"; };
		03698C4427346DC600249CBF /* CharacterRow.swift */ = {isa = PBXFileReference; lastKnownFileType = sourcecode.swift; path = CharacterRow.swift; sourceTree = "<group>"; };
		03698C4627346DF800249CBF /* RewardIntroduction.swift */ = {isa = PBXFileReference; lastKnownFileType = sourcecode.swift; path = RewardIntroduction.swift; sourceTree = "<group>"; };
		03698C4827346E1D00249CBF /* RewardLocation.swift */ = {isa = PBXFileReference; lastKnownFileType = sourcecode.swift; path = RewardLocation.swift; sourceTree = "<group>"; };
		03B9A4292735C62F0035A53D /* RoadMap.swift */ = {isa = PBXFileReference; lastKnownFileType = sourcecode.swift; path = RoadMap.swift; sourceTree = "<group>"; };
		03B9A42D2735E36A0035A53D /* MapOverlay.swift */ = {isa = PBXFileReference; lastKnownFileType = sourcecode.swift; path = MapOverlay.swift; sourceTree = "<group>"; };
		03B9A432273614F60035A53D /* Bgm_character_voice.mp3 */ = {isa = PBXFileReference; lastKnownFileType = audio.mp3; path = Bgm_character_voice.mp3; sourceTree = "<group>"; };
		03C322822734C13000A0BEBE /* icon_2@2x.png */ = {isa = PBXFileReference; lastKnownFileType = image.png; path = "icon_2@2x.png"; sourceTree = "<group>"; };
		03C322832734C13000A0BEBE /* icon_2@3x.png */ = {isa = PBXFileReference; lastKnownFileType = image.png; path = "icon_2@3x.png"; sourceTree = "<group>"; };
		03C322842734C13000A0BEBE /* icon_4@3x.png */ = {isa = PBXFileReference; lastKnownFileType = image.png; path = "icon_4@3x.png"; sourceTree = "<group>"; };
		03C322852734C13100A0BEBE /* icon_3@2x.png */ = {isa = PBXFileReference; lastKnownFileType = image.png; path = "icon_3@2x.png"; sourceTree = "<group>"; };
		03C322862734C13100A0BEBE /* icon_3@3x.png */ = {isa = PBXFileReference; lastKnownFileType = image.png; path = "icon_3@3x.png"; sourceTree = "<group>"; };
		03C322872734C13100A0BEBE /* icon_4@2x.png */ = {isa = PBXFileReference; lastKnownFileType = image.png; path = "icon_4@2x.png"; sourceTree = "<group>"; };
		03C3228F2734C46200A0BEBE /* IconSwitch.swift */ = {isa = PBXFileReference; lastKnownFileType = sourcecode.swift; path = IconSwitch.swift; sourceTree = "<group>"; };
/* End PBXFileReference section */

/* Begin PBXFrameworksBuildPhase section */
		03698C1827346ACE00249CBF /* Frameworks */ = {
			isa = PBXFrameworksBuildPhase;
			buildActionMask = 2147483647;
			files = (
			);
			runOnlyForDeploymentPostprocessing = 0;
		};
/* End PBXFrameworksBuildPhase section */

/* Begin PBXGroup section */
		03698C1227346ACE00249CBF = {
			isa = PBXGroup;
			children = (
				03698C1D27346ACE00249CBF /* DeathStrandingCookbook */,
				03698C1C27346ACE00249CBF /* Products */,
			);
			sourceTree = "<group>";
		};
		03698C1C27346ACE00249CBF /* Products */ = {
			isa = PBXGroup;
			children = (
				03698C1B27346ACE00249CBF /* DeathStrandingCookbook.app */,
			);
			name = Products;
			sourceTree = "<group>";
		};
		03698C1D27346ACE00249CBF /* DeathStrandingCookbook */ = {
			isa = PBXGroup;
			children = (
				03B9A42F2736149D0035A53D /* Bgms */,
				03C322812734C0B600A0BEBE /* icons */,
				03698C1E27346ACE00249CBF /* DeathStrandingCookbookApp.swift */,
				03698C2027346ACE00249CBF /* ContentView.swift */,
				03B9A4292735C62F0035A53D /* RoadMap.swift */,
				03B9A42D2735E36A0035A53D /* MapOverlay.swift */,
				03C3228F2734C46200A0BEBE /* IconSwitch.swift */,
				03698C4027346D8200249CBF /* CharacterDetail.swift */,
				03698C4227346D9F00249CBF /* CharacterIntroduction.swift */,
				03698C4427346DC600249CBF /* CharacterRow.swift */,
				03698C4627346DF800249CBF /* RewardIntroduction.swift */,
				03698C4827346E1D00249CBF /* RewardLocation.swift */,
				03698C2227346AD300249CBF /* Assets.xcassets */,
				03698C2427346AD300249CBF /* Preview Content */,
			);
			path = DeathStrandingCookbook;
			sourceTree = "<group>";
		};
		03698C2427346AD300249CBF /* Preview Content */ = {
			isa = PBXGroup;
			children = (
				03698C2527346AD300249CBF /* Preview Assets.xcassets */,
			);
			path = "Preview Content";
			sourceTree = "<group>";
		};
		03B9A42F2736149D0035A53D /* Bgms */ = {
			isa = PBXGroup;
			children = (
				03B9A432273614F60035A53D /* Bgm_character_voice.mp3 */,
			);
			path = Bgms;
			sourceTree = "<group>";
		};
		03C322812734C0B600A0BEBE /* icons */ = {
			isa = PBXGroup;
			children = (
				03C322822734C13000A0BEBE /* icon_2@2x.png */,
				03C322832734C13000A0BEBE /* icon_2@3x.png */,
				03C322852734C13100A0BEBE /* icon_3@2x.png */,
				03C322862734C13100A0BEBE /* icon_3@3x.png */,
				03C322872734C13100A0BEBE /* icon_4@2x.png */,
				03C322842734C13000A0BEBE /* icon_4@3x.png */,
			);
			path = icons;
			sourceTree = "<group>";
		};
/* End PBXGroup section */

/* Begin PBXNativeTarget section */
		03698C1A27346ACE00249CBF /* DeathStrandingCookbook */ = {
			isa = PBXNativeTarget;
			buildConfigurationList = 03698C2927346AD300249CBF /* Build configuration list for PBXNativeTarget "DeathStrandingCookbook" */;
			buildPhases = (
				03698C1727346ACE00249CBF /* Sources */,
				03698C1827346ACE00249CBF /* Frameworks */,
				03698C1927346ACE00249CBF /* Resources */,
			);
			buildRules = (
			);
			dependencies = (
			);
			name = DeathStrandingCookbook;
			productName = DeathStrandingCookbook;
			productReference = 03698C1B27346ACE00249CBF /* DeathStrandingCookbook.app */;
			productType = "com.apple.product-type.application";
		};
/* End PBXNativeTarget section */

/* Begin PBXProject section */
		03698C1327346ACE00249CBF /* Project object */ = {
			isa = PBXProject;
			attributes = {
				BuildIndependentTargetsInParallel = 1;
				LastSwiftUpdateCheck = 1300;
				LastUpgradeCheck = 1300;
				TargetAttributes = {
					03698C1A27346ACE00249CBF = {
						CreatedOnToolsVersion = 13.0;
					};
				};
			};
			buildConfigurationList = 03698C1627346ACE00249CBF /* Build configuration list for PBXProject "DeathStrandingCookbook" */;
			compatibilityVersion = "Xcode 13.0";
			developmentRegion = en;
			hasScannedForEncodings = 0;
			knownRegions = (
				en,
				Base,
			);
			mainGroup = 03698C1227346ACE00249CBF;
			productRefGroup = 03698C1C27346ACE00249CBF /* Products */;
			projectDirPath = "";
			projectRoot = "";
			targets = (
				03698C1A27346ACE00249CBF /* DeathStrandingCookbook */,
			);
		};
/* End PBXProject section */

/* Begin PBXResourcesBuildPhase section */
		03698C1927346ACE00249CBF /* Resources */ = {
			isa = PBXResourcesBuildPhase;
			buildActionMask = 2147483647;
			files = (
				03C3228A2734C13100A0BEBE /* icon_4@3x.png in Resources */,
				03B9A433273614F60035A53D /* Bgm_character_voice.mp3 in Resources */,
				03C322882734C13100A0BEBE /* icon_2@2x.png in Resources */,
				03C322892734C13100A0BEBE /* icon_2@3x.png in Resources */,
				03C3228B2734C13100A0BEBE /* icon_3@2x.png in Resources */,
				03C3228C2734C13100A0BEBE /* icon_3@3x.png in Resources */,
				03698C2627346AD300249CBF /* Preview Assets.xcassets in Resources */,
				03C3228D2734C13100A0BEBE /* icon_4@2x.png in Resources */,
				03698C2327346AD300249CBF /* Assets.xcassets in Resources */,
			);
			runOnlyForDeploymentPostprocessing = 0;
		};
/* End PBXResourcesBuildPhase section */

/* Begin PBXSourcesBuildPhase section */
		03698C1727346ACE00249CBF /* Sources */ = {
			isa = PBXSourcesBuildPhase;
			buildActionMask = 2147483647;
			files = (
				03B9A42E2735E36A0035A53D /* MapOverlay.swift in Sources */,
				03B9A42A2735C62F0035A53D /* RoadMap.swift in Sources */,
				03698C4527346DC600249CBF /* CharacterRow.swift in Sources */,
				03698C4927346E1D00249CBF /* RewardLocation.swift in Sources */,
				03698C4127346D8200249CBF /* CharacterDetail.swift in Sources */,
				03698C4727346DF800249CBF /* RewardIntroduction.swift in Sources */,
				03698C4327346D9F00249CBF /* CharacterIntroduction.swift in Sources */,
				03698C2127346ACE00249CBF /* ContentView.swift in Sources */,
				03C322902734C46300A0BEBE /* IconSwitch.swift in Sources */,
				03698C1F27346ACE00249CBF /* DeathStrandingCookbookApp.swift in Sources */,
			);
			runOnlyForDeploymentPostprocessing = 0;
		};
/* End PBXSourcesBuildPhase section */

/* Begin XCBuildConfiguration section */
		03698C2727346AD300249CBF /* Debug */ = {
			isa = XCBuildConfiguration;
			buildSettings = {
				ALWAYS_SEARCH_USER_PATHS = NO;
				CLANG_ANALYZER_NONNULL = YES;
				CLANG_ANALYZER_NUMBER_OBJECT_CONVERSION = YES_AGGRESSIVE;
				CLANG_CXX_LANGUAGE_STANDARD = "gnu++17";
				CLANG_CXX_LIBRARY = "libc++";
				CLANG_ENABLE_MODULES = YES;
				CLANG_ENABLE_OBJC_ARC = YES;
				CLANG_ENABLE_OBJC_WEAK = YES;
				CLANG_WARN_BLOCK_CAPTURE_AUTORELEASING = YES;
				CLANG_WARN_BOOL_CONVERSION = YES;
				CLANG_WARN_COMMA = YES;
				CLANG_WARN_CONSTANT_CONVERSION = YES;
				CLANG_WARN_DEPRECATED_OBJC_IMPLEMENTATIONS = YES;
				CLANG_WARN_DIRECT_OBJC_ISA_USAGE = YES_ERROR;
				CLANG_WARN_DOCUMENTATION_COMMENTS = YES;
				CLANG_WARN_EMPTY_BODY = YES;
				CLANG_WARN_ENUM_CONVERSION = YES;
				CLANG_WARN_INFINITE_RECURSION = YES;
				CLANG_WARN_INT_CONVERSION = YES;
				CLANG_WARN_NON_LITERAL_NULL_CONVERSION = YES;
				CLANG_WARN_OBJC_IMPLICIT_RETAIN_SELF = YES;
				CLANG_WARN_OBJC_LITERAL_CONVERSION = YES;
				CLANG_WARN_OBJC_ROOT_CLASS = YES_ERROR;
				CLANG_WARN_QUOTED_INCLUDE_IN_FRAMEWORK_HEADER = YES;
				CLANG_WARN_RANGE_LOOP_ANALYSIS = YES;
				CLANG_WARN_STRICT_PROTOTYPES = YES;
				CLANG_WARN_SUSPICIOUS_MOVE = YES;
				CLANG_WARN_UNGUARDED_AVAILABILITY = YES_AGGRESSIVE;
				CLANG_WARN_UNREACHABLE_CODE = YES;
				CLANG_WARN__DUPLICATE_METHOD_MATCH = YES;
				COPY_PHASE_STRIP = NO;
				DEBUG_INFORMATION_FORMAT = dwarf;
				ENABLE_STRICT_OBJC_MSGSEND = YES;
				ENABLE_TESTABILITY = YES;
				GCC_C_LANGUAGE_STANDARD = gnu11;
				GCC_DYNAMIC_NO_PIC = NO;
				GCC_NO_COMMON_BLOCKS = YES;
				GCC_OPTIMIZATION_LEVEL = 0;
				GCC_PREPROCESSOR_DEFINITIONS = (
					"DEBUG=1",
					"$(inherited)",
				);
				GCC_WARN_64_TO_32_BIT_CONVERSION = YES;
				GCC_WARN_ABOUT_RETURN_TYPE = YES_ERROR;
				GCC_WARN_UNDECLARED_SELECTOR = YES;
				GCC_WARN_UNINITIALIZED_AUTOS = YES_AGGRESSIVE;
				GCC_WARN_UNUSED_FUNCTION = YES;
				GCC_WARN_UNUSED_VARIABLE = YES;
				IPHONEOS_DEPLOYMENT_TARGET = 15.0;
				MTL_ENABLE_DEBUG_INFO = INCLUDE_SOURCE;
				MTL_FAST_MATH = YES;
				ONLY_ACTIVE_ARCH = YES;
				SDKROOT = iphoneos;
				SWIFT_ACTIVE_COMPILATION_CONDITIONS = DEBUG;
				SWIFT_OPTIMIZATION_LEVEL = "-Onone";
			};
			name = Debug;
		};
		03698C2827346AD300249CBF /* Release */ = {
			isa = XCBuildConfiguration;
			buildSettings = {
				ALWAYS_SEARCH_USER_PATHS = NO;
				CLANG_ANALYZER_NONNULL = YES;
				CLANG_ANALYZER_NUMBER_OBJECT_CONVERSION = YES_AGGRESSIVE;
				CLANG_CXX_LANGUAGE_STANDARD = "gnu++17";
				CLANG_CXX_LIBRARY = "libc++";
				CLANG_ENABLE_MODULES = YES;
				CLANG_ENABLE_OBJC_ARC = YES;
				CLANG_ENABLE_OBJC_WEAK = YES;
				CLANG_WARN_BLOCK_CAPTURE_AUTORELEASING = YES;
				CLANG_WARN_BOOL_CONVERSION = YES;
				CLANG_WARN_COMMA = YES;
				CLANG_WARN_CONSTANT_CONVERSION = YES;
				CLANG_WARN_DEPRECATED_OBJC_IMPLEMENTATIONS = YES;
				CLANG_WARN_DIRECT_OBJC_ISA_USAGE = YES_ERROR;
				CLANG_WARN_DOCUMENTATION_COMMENTS = YES;
				CLANG_WARN_EMPTY_BODY = YES;
				CLANG_WARN_ENUM_CONVERSION = YES;
				CLANG_WARN_INFINITE_RECURSION = YES;
				CLANG_WARN_INT_CONVERSION = YES;
				CLANG_WARN_NON_LITERAL_NULL_CONVERSION = YES;
				CLANG_WARN_OBJC_IMPLICIT_RETAIN_SELF = YES;
				CLANG_WARN_OBJC_LITERAL_CONVERSION = YES;
				CLANG_WARN_OBJC_ROOT_CLASS = YES_ERROR;
				CLANG_WARN_QUOTED_INCLUDE_IN_FRAMEWORK_HEADER = YES;
				CLANG_WARN_RANGE_LOOP_ANALYSIS = YES;
				CLANG_WARN_STRICT_PROTOTYPES = YES;
				CLANG_WARN_SUSPICIOUS_MOVE = YES;
				CLANG_WARN_UNGUARDED_AVAILABILITY = YES_AGGRESSIVE;
				CLANG_WARN_UNREACHABLE_CODE = YES;
				CLANG_WARN__DUPLICATE_METHOD_MATCH = YES;
				COPY_PHASE_STRIP = NO;
				DEBUG_INFORMATION_FORMAT = "dwarf-with-dsym";
				ENABLE_NS_ASSERTIONS = NO;
				ENABLE_STRICT_OBJC_MSGSEND = YES;
				GCC_C_LANGUAGE_STANDARD = gnu11;
				GCC_NO_COMMON_BLOCKS = YES;
				GCC_WARN_64_TO_32_BIT_CONVERSION = YES;
				GCC_WARN_ABOUT_RETURN_TYPE = YES_ERROR;
				GCC_WARN_UNDECLARED_SELECTOR = YES;
				GCC_WARN_UNINITIALIZED_AUTOS = YES_AGGRESSIVE;
				GCC_WARN_UNUSED_FUNCTION = YES;
				GCC_WARN_UNUSED_VARIABLE = YES;
				IPHONEOS_DEPLOYMENT_TARGET = 15.0;
				MTL_ENABLE_DEBUG_INFO = NO;
				MTL_FAST_MATH = YES;
				SDKROOT = iphoneos;
				SWIFT_COMPILATION_MODE = wholemodule;
				SWIFT_OPTIMIZATION_LEVEL = "-O";
				VALIDATE_PRODUCT = YES;
			};
			name = Release;
		};
		03698C2A27346AD300249CBF /* Debug */ = {
			isa = XCBuildConfiguration;
			buildSettings = {
				ASSETCATALOG_COMPILER_APPICON_NAME = AppIcon;
				ASSETCATALOG_COMPILER_GLOBAL_ACCENT_COLOR_NAME = AccentColor;
				CODE_SIGN_STYLE = Automatic;
				CURRENT_PROJECT_VERSION = 1;
				DEVELOPMENT_ASSET_PATHS = "\"DeathStrandingCookbook/Preview Content\"";
				DEVELOPMENT_TEAM = 4QSYFFJ3YV;
				ENABLE_PREVIEWS = YES;
				GENERATE_INFOPLIST_FILE = YES;
				INFOPLIST_FILE = "DeathStrandingCookbook-Info.plist";
				INFOPLIST_KEY_CFBundleDisplayName = "D.S. Cookbook";
				INFOPLIST_KEY_UIApplicationSceneManifest_Generation = YES;
				INFOPLIST_KEY_UIApplicationSupportsIndirectInputEvents = YES;
				INFOPLIST_KEY_UISupportedInterfaceOrientations_iPad = "UIInterfaceOrientationPortrait UIInterfaceOrientationPortraitUpsideDown UIInterfaceOrientationLandscapeLeft UIInterfaceOrientationLandscapeRight";
				INFOPLIST_KEY_UISupportedInterfaceOrientations_iPhone = "UIInterfaceOrientationPortrait UIInterfaceOrientationLandscapeLeft UIInterfaceOrientationLandscapeRight";
				IPHONEOS_DEPLOYMENT_TARGET = 15.0;
				LD_RUNPATH_SEARCH_PATHS = (
					"$(inherited)",
					"@executable_path/Frameworks",
				);
				MARKETING_VERSION = 1.0;
				PRODUCT_BUNDLE_IDENTIFIER = com.fanrende.DeathStrandingCookbook;
				PRODUCT_NAME = "$(TARGET_NAME)";
				SWIFT_EMIT_LOC_STRINGS = YES;
				SWIFT_VERSION = 5.0;
				TARGETED_DEVICE_FAMILY = "1,2";
			};
			name = Debug;
		};
		03698C2B27346AD300249CBF /* Release */ = {
			isa = XCBuildConfiguration;
			buildSettings = {
				ASSETCATALOG_COMPILER_APPICON_NAME = AppIcon;
				ASSETCATALOG_COMPILER_GLOBAL_ACCENT_COLOR_NAME = AccentColor;
				CODE_SIGN_STYLE = Automatic;
				CURRENT_PROJECT_VERSION = 1;
				DEVELOPMENT_ASSET_PATHS = "\"DeathStrandingCookbook/Preview Content\"";
				DEVELOPMENT_TEAM = 4QSYFFJ3YV;
				ENABLE_PREVIEWS = YES;
				GENERATE_INFOPLIST_FILE = YES;
				INFOPLIST_FILE = "DeathStrandingCookbook-Info.plist";
				INFOPLIST_KEY_CFBundleDisplayName = "D.S. Cookbook";
				INFOPLIST_KEY_UIApplicationSceneManifest_Generation = YES;
				INFOPLIST_KEY_UIApplicationSupportsIndirectInputEvents = YES;
				INFOPLIST_KEY_UISupportedInterfaceOrientations_iPad = "UIInterfaceOrientationPortrait UIInterfaceOrientationPortraitUpsideDown UIInterfaceOrientationLandscapeLeft UIInterfaceOrientationLandscapeRight";
				INFOPLIST_KEY_UISupportedInterfaceOrientations_iPhone = "UIInterfaceOrientationPortrait UIInterfaceOrientationLandscapeLeft UIInterfaceOrientationLandscapeRight";
				IPHONEOS_DEPLOYMENT_TARGET = 15.0;
				LD_RUNPATH_SEARCH_PATHS = (
					"$(inherited)",
					"@executable_path/Frameworks",
				);
				MARKETING_VERSION = 1.0;
				PRODUCT_BUNDLE_IDENTIFIER = com.fanrende.DeathStrandingCookbook;
				PRODUCT_NAME = "$(TARGET_NAME)";
				SWIFT_EMIT_LOC_STRINGS = YES;
				SWIFT_VERSION = 5.0;
				TARGETED_DEVICE_FAMILY = "1,2";
			};
			name = Release;
		};
/* End XCBuildConfiguration section */

/* Begin XCConfigurationList section */
		03698C1627346ACE00249CBF /* Build configuration list for PBXProject "DeathStrandingCookbook" */ = {
			isa = XCConfigurationList;
			buildConfigurations = (
				03698C2727346AD300249CBF /* Debug */,
				03698C2827346AD300249CBF /* Release */,
			);
			defaultConfigurationIsVisible = 0;
			defaultConfigurationName = Release;
		};
		03698C2927346AD300249CBF /* Build configuration list for PBXNativeTarget "DeathStrandingCookbook" */ = {
			isa = XCConfigurationList;
			buildConfigurations = (
				03698C2A27346AD300249CBF /* Debug */,
				03698C2B27346AD300249CBF /* Release */,
			);
			defaultConfigurationIsVisible = 0;
			defaultConfigurationName = Release;
		};
/* End XCConfigurationList section */
	};
	rootObject = 03698C1327346ACE00249CBF /* Project object */;
}
